
Microsoft Visual Studio Solution File, Format Version 12.00
# Visual Studio 15
VisualStudioVersion = 15.0.27130.2010
MinimumVisualStudioVersion = 10.0.40219.1
Project("{FAE04EC0-301F-11D3-BF4B-00C04F79EFBC}") = "mefPractices01", "mefPractices01\mefPractices01.csproj", "{81E23779-06CA-4988-95AC-97B526DFF71D}"
EndProject
Project("{FAE04EC0-301F-11D3-BF4B-00C04F79EFBC}") = "MyBizPartA", "MyBizPartA\MyBizPartA.csproj", "{58AE0CDE-C321-4BCC-8308-B9DED2AA6BC8}"
EndProject
Project("{FAE04EC0-301F-11D3-BF4B-00C04F79EFBC}") = "MyBizPartB", "MyBizPartB\MyBizPartB.csproj", "{16592873-A187-43C9-A5A9-7068BEA5589A}"
EndProject
Global
	GlobalSection(SolutionConfigurationPlatforms) = preSolution
		Debug|Any CPU = Debug|Any CPU
		Release|Any CPU = Release|Any CPU
	EndGlobalSection
	GlobalSection(ProjectConfigurationPlatforms) = postSolution
		{81E23779-06CA-4988-95AC-97B526DFF71D}.Debug|Any CPU.ActiveCfg = Debug|Any CPU
		{81E23779-06CA-4988-95AC-97B526DFF71D}.Debug|Any CPU.Build.0 = Debug|Any CPU
		{81E23779-06CA-4988-95AC-97B526DFF71D}.Release|Any CPU.ActiveCfg = Release|Any CPU
		{81E23779-06CA-4988-95AC-97B526DFF71D}.Release|Any CPU.Build.0 = Release|Any CPU
		{58AE0CDE-C321-4BCC-8308-B9DED2AA6BC8}.Debug|Any CPU.ActiveCfg = Debug|Any CPU
		{58AE0CDE-C321-4BCC-8308-B9DED2AA6BC8}.Debug|Any CPU.Build.0 = Debug|Any CPU
		{58AE0CDE-C321-4BCC-8308-B9DED2AA6BC8}.Release|Any CPU.ActiveCfg = Release|Any CPU
		{58AE0CDE-C321-4BCC-8308-B9DED2AA6BC8}.Release|Any CPU.Build.0 = Release|Any CPU
		{16592873-A187-43C9-A5A9-7068BEA5589A}.Debug|Any CPU.ActiveCfg = Debug|Any CPU
		{16592873-A187-43C9-A5A9-7068BEA5589A}.Debug|Any CPU.Build.0 = Debug|Any CPU
		{16592873-A187-43C9-A5A9-7068BEA5589A}.Release|Any CPU.ActiveCfg = Release|Any CPU
		{16592873-A187-43C9-A5A9-7068BEA5589A}.Release|Any CPU.Build.0 = Release|Any CPU
	EndGlobalSection
	GlobalSection(SolutionProperties) = preSolution
		HideSolutionNode = FALSE
	EndGlobalSection
	GlobalSection(ExtensibilityGlobals) = postSolution
		SolutionGuid = {C8711861-CE23-4347-877E-D7F5E34E004B}
	EndGlobalSection
EndGlobal
